// !$*UTF8*$!
{
	archiveVersion = 1;
	classes = {
	};
	objectVersion = 55;
	objects = {

/* Begin PBXBuildFile section */
		80F8BA3B27E251AE00053EA7 /* AppDelegate.swift in Sources */ = {isa = PBXBuildFile; fileRef = 80F8BA3A27E251AE00053EA7 /* AppDelegate.swift */; };
		80F8BA3D27E251AE00053EA7 /* SceneDelegate.swift in Sources */ = {isa = PBXBuildFile; fileRef = 80F8BA3C27E251AE00053EA7 /* SceneDelegate.swift */; };
		80F8BA3F27E251AE00053EA7 /* ViewController.swift in Sources */ = {isa = PBXBuildFile; fileRef = 80F8BA3E27E251AE00053EA7 /* ViewController.swift */; };
		80F8BA4227E251AE00053EA7 /* Main.storyboard in Resources */ = {isa = PBXBuildFile; fileRef = 80F8BA4027E251AE00053EA7 /* Main.storyboard */; };
		80F8BA4427E251B000053EA7 /* Assets.xcassets in Resources */ = {isa = PBXBuildFile; fileRef = 80F8BA4327E251B000053EA7 /* Assets.xcassets */; };
		80F8BA4727E251B000053EA7 /* LaunchScreen.storyboard in Resources */ = {isa = PBXBuildFile; fileRef = 80F8BA4527E251B000053EA7 /* LaunchScreen.storyboard */; };
		80F8BA5227E251B000053EA7 /* MoneyboxTests.swift in Sources */ = {isa = PBXBuildFile; fileRef = 80F8BA5127E251B000053EA7 /* MoneyboxTests.swift */; };
		80F8BA5C27E251B000053EA7 /* MoneyboxUITests.swift in Sources */ = {isa = PBXBuildFile; fileRef = 80F8BA5B27E251B000053EA7 /* MoneyboxUITests.swift */; };
		80F8BA5E27E251B000053EA7 /* MoneyboxUITestsLaunchTests.swift in Sources */ = {isa = PBXBuildFile; fileRef = 80F8BA5D27E251B000053EA7 /* MoneyboxUITestsLaunchTests.swift */; };
/* End PBXBuildFile section */

/* Begin PBXContainerItemProxy section */
		80F8BA4E27E251B000053EA7 /* PBXContainerItemProxy */ = {
			isa = PBXContainerItemProxy;
			containerPortal = 80F8BA2F27E251AE00053EA7 /* Project object */;
			proxyType = 1;
			remoteGlobalIDString = 80F8BA3627E251AE00053EA7;
			remoteInfo = Moneybox;
		};
		80F8BA5827E251B000053EA7 /* PBXContainerItemProxy */ = {
			isa = PBXContainerItemProxy;
			containerPortal = 80F8BA2F27E251AE00053EA7 /* Project object */;
			proxyType = 1;
			remoteGlobalIDString = 80F8BA3627E251AE00053EA7;
			remoteInfo = Moneybox;
		};
/* End PBXContainerItemProxy section */

/* Begin PBXFileReference section */
		80F8BA3727E251AE00053EA7 /* Moneybox.app */ = {isa = PBXFileReference; explicitFileType = wrapper.application; includeInIndex = 0; path = Moneybox.app; sourceTree = BUILT_PRODUCTS_DIR; };
		80F8BA3A27E251AE00053EA7 /* AppDelegate.swift */ = {isa = PBXFileReference; lastKnownFileType = sourcecode.swift; path = AppDelegate.swift; sourceTree = "<group>"; };
		80F8BA3C27E251AE00053EA7 /* SceneDelegate.swift */ = {isa = PBXFileReference; lastKnownFileType = sourcecode.swift; path = SceneDelegate.swift; sourceTree = "<group>"; };
		80F8BA3E27E251AE00053EA7 /* ViewController.swift */ = {isa = PBXFileReference; lastKnownFileType = sourcecode.swift; path = ViewController.swift; sourceTree = "<group>"; };
		80F8BA4127E251AE00053EA7 /* Base */ = {isa = PBXFileReference; lastKnownFileType = file.storyboard; name = Base; path = Base.lproj/Main.storyboard; sourceTree = "<group>"; };
		80F8BA4327E251B000053EA7 /* Assets.xcassets */ = {isa = PBXFileReference; lastKnownFileType = folder.assetcatalog; path = Assets.xcassets; sourceTree = "<group>"; };
		80F8BA4627E251B000053EA7 /* Base */ = {isa = PBXFileReference; lastKnownFileType = file.storyboard; name = Base; path = Base.lproj/LaunchScreen.storyboard; sourceTree = "<group>"; };
		80F8BA4827E251B000053EA7 /* Info.plist */ = {isa = PBXFileReference; lastKnownFileType = text.plist.xml; path = Info.plist; sourceTree = "<group>"; };
		80F8BA4D27E251B000053EA7 /* MoneyboxTests.xctest */ = {isa = PBXFileReference; explicitFileType = wrapper.cfbundle; includeInIndex = 0; path = MoneyboxTests.xctest; sourceTree = BUILT_PRODUCTS_DIR; };
		80F8BA5127E251B000053EA7 /* MoneyboxTests.swift */ = {isa = PBXFileReference; lastKnownFileType = sourcecode.swift; path = MoneyboxTests.swift; sourceTree = "<group>"; };
		80F8BA5727E251B000053EA7 /* MoneyboxUITests.xctest */ = {isa = PBXFileReference; explicitFileType = wrapper.cfbundle; includeInIndex = 0; path = MoneyboxUITests.xctest; sourceTree = BUILT_PRODUCTS_DIR; };
		80F8BA5B27E251B000053EA7 /* MoneyboxUITests.swift */ = {isa = PBXFileReference; lastKnownFileType = sourcecode.swift; path = MoneyboxUITests.swift; sourceTree = "<group>"; };
		80F8BA5D27E251B000053EA7 /* MoneyboxUITestsLaunchTests.swift */ = {isa = PBXFileReference; lastKnownFileType = sourcecode.swift; path = MoneyboxUITestsLaunchTests.swift; sourceTree = "<group>"; };
/* End PBXFileReference section */

/* Begin PBXFrameworksBuildPhase section */
		80F8BA3427E251AE00053EA7 /* Frameworks */ = {
			isa = PBXFrameworksBuildPhase;
			buildActionMask = 2147483647;
			files = (
			);
			runOnlyForDeploymentPostprocessing = 0;
		};
		80F8BA4A27E251B000053EA7 /* Frameworks */ = {
			isa = PBXFrameworksBuildPhase;
			buildActionMask = 2147483647;
			files = (
			);
			runOnlyForDeploymentPostprocessing = 0;
		};
		80F8BA5427E251B000053EA7 /* Frameworks */ = {
			isa = PBXFrameworksBuildPhase;
			buildActionMask = 2147483647;
			files = (
			);
			runOnlyForDeploymentPostprocessing = 0;
		};
/* End PBXFrameworksBuildPhase section */

/* Begin PBXGroup section */
		80F8BA2E27E251AE00053EA7 = {
			isa = PBXGroup;
			children = (
				80F8BA3927E251AE00053EA7 /* Moneybox */,
				80F8BA5027E251B000053EA7 /* MoneyboxTests */,
				80F8BA5A27E251B000053EA7 /* MoneyboxUITests */,
				80F8BA3827E251AE00053EA7 /* Products */,
			);
			sourceTree = "<group>";
		};
		80F8BA3827E251AE00053EA7 /* Products */ = {
			isa = PBXGroup;
			children = (
				80F8BA3727E251AE00053EA7 /* Moneybox.app */,
				80F8BA4D27E251B000053EA7 /* MoneyboxTests.xctest */,
				80F8BA5727E251B000053EA7 /* MoneyboxUITests.xctest */,
			);
			name = Products;
			sourceTree = "<group>";
		};
		80F8BA3927E251AE00053EA7 /* Moneybox */ = {
			isa = PBXGroup;
			children = (
				80F8BA3A27E251AE00053EA7 /* AppDelegate.swift */,
				80F8BA3C27E251AE00053EA7 /* SceneDelegate.swift */,
				80F8BA3E27E251AE00053EA7 /* ViewController.swift */,
				80F8BA4027E251AE00053EA7 /* Main.storyboard */,
				80F8BA4327E251B000053EA7 /* Assets.xcassets */,
				80F8BA4527E251B000053EA7 /* LaunchScreen.storyboard */,
				80F8BA4827E251B000053EA7 /* Info.plist */,
			);
			path = Moneybox;
			sourceTree = "<group>";
		};
		80F8BA5027E251B000053EA7 /* MoneyboxTests */ = {
			isa = PBXGroup;
			children = (
				80F8BA5127E251B000053EA7 /* MoneyboxTests.swift */,
			);
			path = MoneyboxTests;
			sourceTree = "<group>";
		};
		80F8BA5A27E251B000053EA7 /* MoneyboxUITests */ = {
			isa = PBXGroup;
			children = (
				80F8BA5B27E251B000053EA7 /* MoneyboxUITests.swift */,
				80F8BA5D27E251B000053EA7 /* MoneyboxUITestsLaunchTests.swift */,
			);
			path = MoneyboxUITests;
			sourceTree = "<group>";
		};
/* End PBXGroup section */

/* Begin PBXNativeTarget section */
		80F8BA3627E251AE00053EA7 /* Moneybox */ = {
			isa = PBXNativeTarget;
			buildConfigurationList = 80F8BA6127E251B000053EA7 /* Build configuration list for PBXNativeTarget "Moneybox" */;
			buildPhases = (
				80F8BA3327E251AE00053EA7 /* Sources */,
				80F8BA3427E251AE00053EA7 /* Frameworks */,
				80F8BA3527E251AE00053EA7 /* Resources */,
			);
			buildRules = (
			);
			dependencies = (
			);
			name = Moneybox;
			productName = Moneybox;
			productReference = 80F8BA3727E251AE00053EA7 /* Moneybox.app */;
			productType = "com.apple.product-type.application";
		};
		80F8BA4C27E251B000053EA7 /* MoneyboxTests */ = {
			isa = PBXNativeTarget;
			buildConfigurationList = 80F8BA6427E251B000053EA7 /* Build configuration list for PBXNativeTarget "MoneyboxTests" */;
			buildPhases = (
				80F8BA4927E251B000053EA7 /* Sources */,
				80F8BA4A27E251B000053EA7 /* Frameworks */,
				80F8BA4B27E251B000053EA7 /* Resources */,
			);
			buildRules = (
			);
			dependencies = (
				80F8BA4F27E251B000053EA7 /* PBXTargetDependency */,
			);
			name = MoneyboxTests;
			productName = MoneyboxTests;
			productReference = 80F8BA4D27E251B000053EA7 /* MoneyboxTests.xctest */;
			productType = "com.apple.product-type.bundle.unit-test";
		};
		80F8BA5627E251B000053EA7 /* MoneyboxUITests */ = {
			isa = PBXNativeTarget;
			buildConfigurationList = 80F8BA6727E251B000053EA7 /* Build configuration list for PBXNativeTarget "MoneyboxUITests" */;
			buildPhases = (
				80F8BA5327E251B000053EA7 /* Sources */,
				80F8BA5427E251B000053EA7 /* Frameworks */,
				80F8BA5527E251B000053EA7 /* Resources */,
			);
			buildRules = (
			);
			dependencies = (
				80F8BA5927E251B000053EA7 /* PBXTargetDependency */,
			);
			name = MoneyboxUITests;
			productName = MoneyboxUITests;
			productReference = 80F8BA5727E251B000053EA7 /* MoneyboxUITests.xctest */;
			productType = "com.apple.product-type.bundle.ui-testing";
		};
/* End PBXNativeTarget section */

/* Begin PBXProject section */
		80F8BA2F27E251AE00053EA7 /* Project object */ = {
			isa = PBXProject;
			attributes = {
				BuildIndependentTargetsInParallel = 1;
				LastSwiftUpdateCheck = 1320;
				LastUpgradeCheck = 1320;
				TargetAttributes = {
					80F8BA3627E251AE00053EA7 = {
						CreatedOnToolsVersion = 13.2.1;
					};
					80F8BA4C27E251B000053EA7 = {
						CreatedOnToolsVersion = 13.2.1;
						TestTargetID = 80F8BA3627E251AE00053EA7;
					};
					80F8BA5627E251B000053EA7 = {
						CreatedOnToolsVersion = 13.2.1;
						TestTargetID = 80F8BA3627E251AE00053EA7;
					};
				};
			};
			buildConfigurationList = 80F8BA3227E251AE00053EA7 /* Build configuration list for PBXProject "Moneybox" */;
			compatibilityVersion = "Xcode 13.0";
			developmentRegion = en;
			hasScannedForEncodings = 0;
			knownRegions = (
				en,
				Base,
			);
			mainGroup = 80F8BA2E27E251AE00053EA7;
			productRefGroup = 80F8BA3827E251AE00053EA7 /* Products */;
			projectDirPath = "";
			projectRoot = "";
			targets = (
				80F8BA3627E251AE00053EA7 /* Moneybox */,
				80F8BA4C27E251B000053EA7 /* MoneyboxTests */,
				80F8BA5627E251B000053EA7 /* MoneyboxUITests */,
			);
		};
/* End PBXProject section */

/* Begin PBXResourcesBuildPhase section */
		80F8BA3527E251AE00053EA7 /* Resources */ = {
			isa = PBXResourcesBuildPhase;
			buildActionMask = 2147483647;
			files = (
				80F8BA4727E251B000053EA7 /* LaunchScreen.storyboard in Resources */,
				80F8BA4427E251B000053EA7 /* Assets.xcassets in Resources */,
				80F8BA4227E251AE00053EA7 /* Main.storyboard in Resources */,
			);
			runOnlyForDeploymentPostprocessing = 0;
		};
		80F8BA4B27E251B000053EA7 /* Resources */ = {
			isa = PBXResourcesBuildPhase;
			buildActionMask = 2147483647;
			files = (
			);
			runOnlyForDeploymentPostprocessing = 0;
		};
		80F8BA5527E251B000053EA7 /* Resources */ = {
			isa = PBXResourcesBuildPhase;
			buildActionMask = 2147483647;
			files = (
			);
			runOnlyForDeploymentPostprocessing = 0;
		};
/* End PBXResourcesBuildPhase section */

/* Begin PBXSourcesBuildPhase section */
		80F8BA3327E251AE00053EA7 /* Sources */ = {
			isa = PBXSourcesBuildPhase;
			buildActionMask = 2147483647;
			files = (
				80F8BA3F27E251AE00053EA7 /* ViewController.swift in Sources */,
				80F8BA3B27E251AE00053EA7 /* AppDelegate.swift in Sources */,
				80F8BA3D27E251AE00053EA7 /* SceneDelegate.swift in Sources */,
			);
			runOnlyForDeploymentPostprocessing = 0;
		};
		80F8BA4927E251B000053EA7 /* Sources */ = {
			isa = PBXSourcesBuildPhase;
			buildActionMask = 2147483647;
			files = (
				80F8BA5227E251B000053EA7 /* MoneyboxTests.swift in Sources */,
			);
			runOnlyForDeploymentPostprocessing = 0;
		};
		80F8BA5327E251B000053EA7 /* Sources */ = {
			isa = PBXSourcesBuildPhase;
			buildActionMask = 2147483647;
			files = (
				80F8BA5E27E251B000053EA7 /* MoneyboxUITestsLaunchTests.swift in Sources */,
				80F8BA5C27E251B000053EA7 /* MoneyboxUITests.swift in Sources */,
			);
			runOnlyForDeploymentPostprocessing = 0;
		};
/* End PBXSourcesBuildPhase section */

/* Begin PBXTargetDependency section */
		80F8BA4F27E251B000053EA7 /* PBXTargetDependency */ = {
			isa = PBXTargetDependency;
			target = 80F8BA3627E251AE00053EA7 /* Moneybox */;
			targetProxy = 80F8BA4E27E251B000053EA7 /* PBXContainerItemProxy */;
		};
		80F8BA5927E251B000053EA7 /* PBXTargetDependency */ = {
			isa = PBXTargetDependency;
			target = 80F8BA3627E251AE00053EA7 /* Moneybox */;
			targetProxy = 80F8BA5827E251B000053EA7 /* PBXContainerItemProxy */;
		};
/* End PBXTargetDependency section */

/* Begin PBXVariantGroup section */
		80F8BA4027E251AE00053EA7 /* Main.storyboard */ = {
			isa = PBXVariantGroup;
			children = (
				80F8BA4127E251AE00053EA7 /* Base */,
			);
			name = Main.storyboard;
			sourceTree = "<group>";
		};
		80F8BA4527E251B000053EA7 /* LaunchScreen.storyboard */ = {
			isa = PBXVariantGroup;
			children = (
				80F8BA4627E251B000053EA7 /* Base */,
			);
			name = LaunchScreen.storyboard;
			sourceTree = "<group>";
		};
/* End PBXVariantGroup section */

/* Begin XCBuildConfiguration section */
		80F8BA5F27E251B000053EA7 /* Debug */ = {
			isa = XCBuildConfiguration;
			buildSettings = {
				ALWAYS_SEARCH_USER_PATHS = NO;
				CLANG_ANALYZER_NONNULL = YES;
				CLANG_ANALYZER_NUMBER_OBJECT_CONVERSION = YES_AGGRESSIVE;
				CLANG_CXX_LANGUAGE_STANDARD = "gnu++17";
				CLANG_CXX_LIBRARY = "libc++";
				CLANG_ENABLE_MODULES = YES;
				CLANG_ENABLE_OBJC_ARC = YES;
				CLANG_ENABLE_OBJC_WEAK = YES;
				CLANG_WARN_BLOCK_CAPTURE_AUTORELEASING = YES;
				CLANG_WARN_BOOL_CONVERSION = YES;
				CLANG_WARN_COMMA = YES;
				CLANG_WARN_CONSTANT_CONVERSION = YES;
				CLANG_WARN_DEPRECATED_OBJC_IMPLEMENTATIONS = YES;
				CLANG_WARN_DIRECT_OBJC_ISA_USAGE = YES_ERROR;
				CLANG_WARN_DOCUMENTATION_COMMENTS = YES;
				CLANG_WARN_EMPTY_BODY = YES;
				CLANG_WARN_ENUM_CONVERSION = YES;
				CLANG_WARN_INFINITE_RECURSION = YES;
				CLANG_WARN_INT_CONVERSION = YES;
				CLANG_WARN_NON_LITERAL_NULL_CONVERSION = YES;
				CLANG_WARN_OBJC_IMPLICIT_RETAIN_SELF = YES;
				CLANG_WARN_OBJC_LITERAL_CONVERSION = YES;
				CLANG_WARN_OBJC_ROOT_CLASS = YES_ERROR;
				CLANG_WARN_QUOTED_INCLUDE_IN_FRAMEWORK_HEADER = YES;
				CLANG_WARN_RANGE_LOOP_ANALYSIS = YES;
				CLANG_WARN_STRICT_PROTOTYPES = YES;
				CLANG_WARN_SUSPICIOUS_MOVE = YES;
				CLANG_WARN_UNGUARDED_AVAILABILITY = YES_AGGRESSIVE;
				CLANG_WARN_UNREACHABLE_CODE = YES;
				CLANG_WARN__DUPLICATE_METHOD_MATCH = YES;
				COPY_PHASE_STRIP = NO;
				DEBUG_INFORMATION_FORMAT = dwarf;
				ENABLE_STRICT_OBJC_MSGSEND = YES;
				ENABLE_TESTABILITY = YES;
				GCC_C_LANGUAGE_STANDARD = gnu11;
				GCC_DYNAMIC_NO_PIC = NO;
				GCC_NO_COMMON_BLOCKS = YES;
				GCC_OPTIMIZATION_LEVEL = 0;
				GCC_PREPROCESSOR_DEFINITIONS = (
					"DEBUG=1",
					"$(inherited)",
				);
				GCC_WARN_64_TO_32_BIT_CONVERSION = YES;
				GCC_WARN_ABOUT_RETURN_TYPE = YES_ERROR;
				GCC_WARN_UNDECLARED_SELECTOR = YES;
				GCC_WARN_UNINITIALIZED_AUTOS = YES_AGGRESSIVE;
				GCC_WARN_UNUSED_FUNCTION = YES;
				GCC_WARN_UNUSED_VARIABLE = YES;
				IPHONEOS_DEPLOYMENT_TARGET = 15.2;
				MTL_ENABLE_DEBUG_INFO = INCLUDE_SOURCE;
				MTL_FAST_MATH = YES;
				ONLY_ACTIVE_ARCH = YES;
				SDKROOT = iphoneos;
				SWIFT_ACTIVE_COMPILATION_CONDITIONS = DEBUG;
				SWIFT_OPTIMIZATION_LEVEL = "-Onone";
			};
			name = Debug;
		};
		80F8BA6027E251B000053EA7 /* Release */ = {
			isa = XCBuildConfiguration;
			buildSettings = {
				ALWAYS_SEARCH_USER_PATHS = NO;
				CLANG_ANALYZER_NONNULL = YES;
				CLANG_ANALYZER_NUMBER_OBJECT_CONVERSION = YES_AGGRESSIVE;
				CLANG_CXX_LANGUAGE_STANDARD = "gnu++17";
				CLANG_CXX_LIBRARY = "libc++";
				CLANG_ENABLE_MODULES = YES;
				CLANG_ENABLE_OBJC_ARC = YES;
				CLANG_ENABLE_OBJC_WEAK = YES;
				CLANG_WARN_BLOCK_CAPTURE_AUTORELEASING = YES;
				CLANG_WARN_BOOL_CONVERSION = YES;
				CLANG_WARN_COMMA = YES;
				CLANG_WARN_CONSTANT_CONVERSION = YES;
				CLANG_WARN_DEPRECATED_OBJC_IMPLEMENTATIONS = YES;
				CLANG_WARN_DIRECT_OBJC_ISA_USAGE = YES_ERROR;
				CLANG_WARN_DOCUMENTATION_COMMENTS = YES;
				CLANG_WARN_EMPTY_BODY = YES;
				CLANG_WARN_ENUM_CONVERSION = YES;
				CLANG_WARN_INFINITE_RECURSION = YES;
				CLANG_WARN_INT_CONVERSION = YES;
				CLANG_WARN_NON_LITERAL_NULL_CONVERSION = YES;
				CLANG_WARN_OBJC_IMPLICIT_RETAIN_SELF = YES;
				CLANG_WARN_OBJC_LITERAL_CONVERSION = YES;
				CLANG_WARN_OBJC_ROOT_CLASS = YES_ERROR;
				CLANG_WARN_QUOTED_INCLUDE_IN_FRAMEWORK_HEADER = YES;
				CLANG_WARN_RANGE_LOOP_ANALYSIS = YES;
				CLANG_WARN_STRICT_PROTOTYPES = YES;
				CLANG_WARN_SUSPICIOUS_MOVE = YES;
				CLANG_WARN_UNGUARDED_AVAILABILITY = YES_AGGRESSIVE;
				CLANG_WARN_UNREACHABLE_CODE = YES;
				CLANG_WARN__DUPLICATE_METHOD_MATCH = YES;
				COPY_PHASE_STRIP = NO;
				DEBUG_INFORMATION_FORMAT = "dwarf-with-dsym";
				ENABLE_NS_ASSERTIONS = NO;
				ENABLE_STRICT_OBJC_MSGSEND = YES;
				GCC_C_LANGUAGE_STANDARD = gnu11;
				GCC_NO_COMMON_BLOCKS = YES;
				GCC_WARN_64_TO_32_BIT_CONVERSION = YES;
				GCC_WARN_ABOUT_RETURN_TYPE = YES_ERROR;
				GCC_WARN_UNDECLARED_SELECTOR = YES;
				GCC_WARN_UNINITIALIZED_AUTOS = YES_AGGRESSIVE;
				GCC_WARN_UNUSED_FUNCTION = YES;
				GCC_WARN_UNUSED_VARIABLE = YES;
				IPHONEOS_DEPLOYMENT_TARGET = 15.2;
				MTL_ENABLE_DEBUG_INFO = NO;
				MTL_FAST_MATH = YES;
				SDKROOT = iphoneos;
				SWIFT_COMPILATION_MODE = wholemodule;
				SWIFT_OPTIMIZATION_LEVEL = "-O";
				VALIDATE_PRODUCT = YES;
			};
			name = Release;
		};
		80F8BA6227E251B000053EA7 /* Debug */ = {
			isa = XCBuildConfiguration;
			buildSettings = {
				ASSETCATALOG_COMPILER_APPICON_NAME = AppIcon;
				ASSETCATALOG_COMPILER_GLOBAL_ACCENT_COLOR_NAME = AccentColor;
				CODE_SIGN_STYLE = Automatic;
				CURRENT_PROJECT_VERSION = 1;
				DEVELOPMENT_TEAM = X9ZZARHR35;
				GENERATE_INFOPLIST_FILE = YES;
				INFOPLIST_FILE = Moneybox/Info.plist;
				INFOPLIST_KEY_UIApplicationSupportsIndirectInputEvents = YES;
				INFOPLIST_KEY_UILaunchStoryboardName = LaunchScreen;
				INFOPLIST_KEY_UIMainStoryboardFile = Main;
				INFOPLIST_KEY_UISupportedInterfaceOrientations_iPad = "UIInterfaceOrientationPortrait UIInterfaceOrientationPortraitUpsideDown UIInterfaceOrientationLandscapeLeft UIInterfaceOrientationLandscapeRight";
				INFOPLIST_KEY_UISupportedInterfaceOrientations_iPhone = "UIInterfaceOrientationPortrait UIInterfaceOrientationLandscapeLeft UIInterfaceOrientationLandscapeRight";
				LD_RUNPATH_SEARCH_PATHS = (
					"$(inherited)",
					"@executable_path/Frameworks",
				);
				MARKETING_VERSION = 1.0;
				PRODUCT_BUNDLE_IDENTIFIER = com.janbjelicic.Moneybox;
				PRODUCT_NAME = "$(TARGET_NAME)";
				SWIFT_EMIT_LOC_STRINGS = YES;
				SWIFT_VERSION = 5.0;
				TARGETED_DEVICE_FAMILY = "1,2";
			};
			name = Debug;
		};
		80F8BA6327E251B000053EA7 /* Release */ = {
			isa = XCBuildConfiguration;
			buildSettings = {
				ASSETCATALOG_COMPILER_APPICON_NAME = AppIcon;
				ASSETCATALOG_COMPILER_GLOBAL_ACCENT_COLOR_NAME = AccentColor;
				CODE_SIGN_STYLE = Automatic;
				CURRENT_PROJECT_VERSION = 1;
				DEVELOPMENT_TEAM = X9ZZARHR35;
				GENERATE_INFOPLIST_FILE = YES;
				INFOPLIST_FILE = Moneybox/Info.plist;
				INFOPLIST_KEY_UIApplicationSupportsIndirectInputEvents = YES;
				INFOPLIST_KEY_UILaunchStoryboardName = LaunchScreen;
				INFOPLIST_KEY_UIMainStoryboardFile = Main;
				INFOPLIST_KEY_UISupportedInterfaceOrientations_iPad = "UIInterfaceOrientationPortrait UIInterfaceOrientationPortraitUpsideDown UIInterfaceOrientationLandscapeLeft UIInterfaceOrientationLandscapeRight";
				INFOPLIST_KEY_UISupportedInterfaceOrientations_iPhone = "UIInterfaceOrientationPortrait UIInterfaceOrientationLandscapeLeft UIInterfaceOrientationLandscapeRight";
				LD_RUNPATH_SEARCH_PATHS = (
					"$(inherited)",
					"@executable_path/Frameworks",
				);
				MARKETING_VERSION = 1.0;
				PRODUCT_BUNDLE_IDENTIFIER = com.janbjelicic.Moneybox;
				PRODUCT_NAME = "$(TARGET_NAME)";
				SWIFT_EMIT_LOC_STRINGS = YES;
				SWIFT_VERSION = 5.0;
				TARGETED_DEVICE_FAMILY = "1,2";
			};
			name = Release;
		};
		80F8BA6527E251B000053EA7 /* Debug */ = {
			isa = XCBuildConfiguration;
			buildSettings = {
				ALWAYS_EMBED_SWIFT_STANDARD_LIBRARIES = YES;
				BUNDLE_LOADER = "$(TEST_HOST)";
				CODE_SIGN_STYLE = Automatic;
				CURRENT_PROJECT_VERSION = 1;
				DEVELOPMENT_TEAM = X9ZZARHR35;
				GENERATE_INFOPLIST_FILE = YES;
				IPHONEOS_DEPLOYMENT_TARGET = 15.2;
				MARKETING_VERSION = 1.0;
				PRODUCT_BUNDLE_IDENTIFIER = com.janbjelicic.MoneyboxTests;
				PRODUCT_NAME = "$(TARGET_NAME)";
				SWIFT_EMIT_LOC_STRINGS = NO;
				SWIFT_VERSION = 5.0;
				TARGETED_DEVICE_FAMILY = "1,2";
				TEST_HOST = "$(BUILT_PRODUCTS_DIR)/Moneybox.app/Moneybox";
			};
			name = Debug;
		};
		80F8BA6627E251B000053EA7 /* Release */ = {
			isa = XCBuildConfiguration;
			buildSettings = {
				ALWAYS_EMBED_SWIFT_STANDARD_LIBRARIES = YES;
				BUNDLE_LOADER = "$(TEST_HOST)";
				CODE_SIGN_STYLE = Automatic;
				CURRENT_PROJECT_VERSION = 1;
				DEVELOPMENT_TEAM = X9ZZARHR35;
				GENERATE_INFOPLIST_FILE = YES;
				IPHONEOS_DEPLOYMENT_TARGET = 15.2;
				MARKETING_VERSION = 1.0;
				PRODUCT_BUNDLE_IDENTIFIER = com.janbjelicic.MoneyboxTests;
				PRODUCT_NAME = "$(TARGET_NAME)";
				SWIFT_EMIT_LOC_STRINGS = NO;
				SWIFT_VERSION = 5.0;
				TARGETED_DEVICE_FAMILY = "1,2";
				TEST_HOST = "$(BUILT_PRODUCTS_DIR)/Moneybox.app/Moneybox";
			};
			name = Release;
		};
		80F8BA6827E251B000053EA7 /* Debug */ = {
			isa = XCBuildConfiguration;
			buildSettings = {
				ALWAYS_EMBED_SWIFT_STANDARD_LIBRARIES = YES;
				CODE_SIGN_STYLE = Automatic;
				CURRENT_PROJECT_VERSION = 1;
				DEVELOPMENT_TEAM = X9ZZARHR35;
				GENERATE_INFOPLIST_FILE = YES;
				MARKETING_VERSION = 1.0;
				PRODUCT_BUNDLE_IDENTIFIER = com.janbjelicic.MoneyboxUITests;
				PRODUCT_NAME = "$(TARGET_NAME)";
				SWIFT_EMIT_LOC_STRINGS = NO;
				SWIFT_VERSION = 5.0;
				TARGETED_DEVICE_FAMILY = "1,2";
				TEST_TARGET_NAME = Moneybox;
			};
			name = Debug;
		};
		80F8BA6927E251B000053EA7 /* Release */ = {
			isa = XCBuildConfiguration;
			buildSettings = {
				ALWAYS_EMBED_SWIFT_STANDARD_LIBRARIES = YES;
				CODE_SIGN_STYLE = Automatic;
				CURRENT_PROJECT_VERSION = 1;
				DEVELOPMENT_TEAM = X9ZZARHR35;
				GENERATE_INFOPLIST_FILE = YES;
				MARKETING_VERSION = 1.0;
				PRODUCT_BUNDLE_IDENTIFIER = com.janbjelicic.MoneyboxUITests;
				PRODUCT_NAME = "$(TARGET_NAME)";
				SWIFT_EMIT_LOC_STRINGS = NO;
				SWIFT_VERSION = 5.0;
				TARGETED_DEVICE_FAMILY = "1,2";
				TEST_TARGET_NAME = Moneybox;
			};
			name = Release;
		};
/* End XCBuildConfiguration section */

/* Begin XCConfigurationList section */
		80F8BA3227E251AE00053EA7 /* Build configuration list for PBXProject "Moneybox" */ = {
			isa = XCConfigurationList;
			buildConfigurations = (
				80F8BA5F27E251B000053EA7 /* Debug */,
				80F8BA6027E251B000053EA7 /* Release */,
			);
			defaultConfigurationIsVisible = 0;
			defaultConfigurationName = Release;
		};
		80F8BA6127E251B000053EA7 /* Build configuration list for PBXNativeTarget "Moneybox" */ = {
			isa = XCConfigurationList;
			buildConfigurations = (
				80F8BA6227E251B000053EA7 /* Debug */,
				80F8BA6327E251B000053EA7 /* Release */,
			);
			defaultConfigurationIsVisible = 0;
			defaultConfigurationName = Release;
		};
		80F8BA6427E251B000053EA7 /* Build configuration list for PBXNativeTarget "MoneyboxTests" */ = {
			isa = XCConfigurationList;
			buildConfigurations = (
				80F8BA6527E251B000053EA7 /* Debug */,
				80F8BA6627E251B000053EA7 /* Release */,
			);
			defaultConfigurationIsVisible = 0;
			defaultConfigurationName = Release;
		};
		80F8BA6727E251B000053EA7 /* Build configuration list for PBXNativeTarget "MoneyboxUITests" */ = {
			isa = XCConfigurationList;
			buildConfigurations = (
				80F8BA6827E251B000053EA7 /* Debug */,
				80F8BA6927E251B000053EA7 /* Release */,
			);
			defaultConfigurationIsVisible = 0;
			defaultConfigurationName = Release;
		};
/* End XCConfigurationList section */
	};
	rootObject = 80F8BA2F27E251AE00053EA7 /* Project object */;
}
